
Microsoft Visual Studio Solution File, Format Version 12.00
# Visual Studio Version 16
VisualStudioVersion = 16.0.29613.14
MinimumVisualStudioVersion = 10.0.40219.1
Project("{FAE04EC0-301F-11D3-BF4B-00C04F79EFBC}") = "Maytinhbotui", "Maytinhbotui\Maytinhbotui.csproj", "{31419DEC-6707-4461-B083-8C97B282C5CA}"
EndProject
Global
	GlobalSection(SolutionConfigurationPlatforms) = preSolution
		Debug|Any CPU = Debug|Any CPU
		Release|Any CPU = Release|Any CPU
	EndGlobalSection
	GlobalSection(ProjectConfigurationPlatforms) = postSolution
		{31419DEC-6707-4461-B083-8C97B282C5CA}.Debug|Any CPU.ActiveCfg = Debug|Any CPU
		{31419DEC-6707-4461-B083-8C97B282C5CA}.Debug|Any CPU.Build.0 = Debug|Any CPU
		{31419DEC-6707-4461-B083-8C97B282C5CA}.Release|Any CPU.ActiveCfg = Release|Any CPU
		{31419DEC-6707-4461-B083-8C97B282C5CA}.Release|Any CPU.Build.0 = Release|Any CPU
	EndGlobalSection
	GlobalSection(SolutionProperties) = preSolution
		HideSolutionNode = FALSE
	EndGlobalSection
	GlobalSection(ExtensibilityGlobals) = postSolution
		SolutionGuid = {C75CA10A-4F55-40DF-BB5F-B13F54E8EBE2}
	EndGlobalSection
EndGlobal
